
Microsoft Visual Studio Solution File, Format Version 12.00
# Visual Studio Version 16
VisualStudioVersion = 16.0.31129.286
MinimumVisualStudioVersion = 10.0.40219.1
Project("{F184B08F-C81C-45F6-A57F-5ABD9991F28F}") = "tic toc toe", "tic toc toe\tic toc toe.vbproj", "{CD84FEFD-5902-4AA5-9352-0D0D45BC5528}"
EndProject
Global
	GlobalSection(SolutionConfigurationPlatforms) = preSolution
		Debug|Any CPU = Debug|Any CPU
		Release|Any CPU = Release|Any CPU
	EndGlobalSection
	GlobalSection(ProjectConfigurationPlatforms) = postSolution
		{CD84FEFD-5902-4AA5-9352-0D0D45BC5528}.Debug|Any CPU.ActiveCfg = Debug|Any CPU
		{CD84FEFD-5902-4AA5-9352-0D0D45BC5528}.Debug|Any CPU.Build.0 = Debug|Any CPU
		{CD84FEFD-5902-4AA5-9352-0D0D45BC5528}.Release|Any CPU.ActiveCfg = Release|Any CPU
		{CD84FEFD-5902-4AA5-9352-0D0D45BC5528}.Release|Any CPU.Build.0 = Release|Any CPU
	EndGlobalSection
	GlobalSection(SolutionProperties) = preSolution
		HideSolutionNode = FALSE
	EndGlobalSection
	GlobalSection(ExtensibilityGlobals) = postSolution
		SolutionGuid = {62766EBA-40D4-4952-A3DF-9029250C9396}
	EndGlobalSection
EndGlobal
